// !$*UTF8*$!
{
	archiveVersion = 1;
	classes = {
	};
	objectVersion = 56;
	objects = {

/* Begin PBXBuildFile section */
		396DB50B2A02E9620076E845 /* AppDelegate.swift in Sources */ = {isa = PBXBuildFile; fileRef = 396DB50A2A02E9620076E845 /* AppDelegate.swift */; };
		396DB50D2A02E9620076E845 /* SceneDelegate.swift in Sources */ = {isa = PBXBuildFile; fileRef = 396DB50C2A02E9620076E845 /* SceneDelegate.swift */; };
		396DB50F2A02E9620076E845 /* ViewController.swift in Sources */ = {isa = PBXBuildFile; fileRef = 396DB50E2A02E9620076E845 /* ViewController.swift */; };
		396DB5122A02E9620076E845 /* Main.storyboard in Resources */ = {isa = PBXBuildFile; fileRef = 396DB5102A02E9620076E845 /* Main.storyboard */; };
		396DB5152A02E9620076E845 /* hello_world.xcdatamodeld in Sources */ = {isa = PBXBuildFile; fileRef = 396DB5132A02E9620076E845 /* hello_world.xcdatamodeld */; };
		396DB5172A02E9630076E845 /* Assets.xcassets in Resources */ = {isa = PBXBuildFile; fileRef = 396DB5162A02E9630076E845 /* Assets.xcassets */; };
		396DB51A2A02E9630076E845 /* LaunchScreen.storyboard in Resources */ = {isa = PBXBuildFile; fileRef = 396DB5182A02E9630076E845 /* LaunchScreen.storyboard */; };
		396DB52A2A02EF330076E845 /* hello_worldUITests.swift in Sources */ = {isa = PBXBuildFile; fileRef = 396DB5292A02EF330076E845 /* hello_worldUITests.swift */; };
		396DB52C2A02EF330076E845 /* hello_worldUITestsLaunchTests.swift in Sources */ = {isa = PBXBuildFile; fileRef = 396DB52B2A02EF330076E845 /* hello_worldUITestsLaunchTests.swift */; };
/* End PBXBuildFile section */

/* Begin PBXContainerItemProxy section */
		396DB52D2A02EF330076E845 /* PBXContainerItemProxy */ = {
			isa = PBXContainerItemProxy;
			containerPortal = 396DB4FF2A02E9620076E845 /* Project object */;
			proxyType = 1;
			remoteGlobalIDString = 396DB5062A02E9620076E845;
			remoteInfo = "hello world";
		};
/* End PBXContainerItemProxy section */

/* Begin PBXFileReference section */
		396DB5072A02E9620076E845 /* hello world.app */ = {isa = PBXFileReference; explicitFileType = wrapper.application; includeInIndex = 0; path = "hello world.app"; sourceTree = BUILT_PRODUCTS_DIR; };
		396DB50A2A02E9620076E845 /* AppDelegate.swift */ = {isa = PBXFileReference; lastKnownFileType = sourcecode.swift; path = AppDelegate.swift; sourceTree = "<group>"; };
		396DB50C2A02E9620076E845 /* SceneDelegate.swift */ = {isa = PBXFileReference; lastKnownFileType = sourcecode.swift; path = SceneDelegate.swift; sourceTree = "<group>"; };
		396DB50E2A02E9620076E845 /* ViewController.swift */ = {isa = PBXFileReference; lastKnownFileType = sourcecode.swift; path = ViewController.swift; sourceTree = "<group>"; };
		396DB5112A02E9620076E845 /* Base */ = {isa = PBXFileReference; lastKnownFileType = file.storyboard; name = Base; path = Base.lproj/Main.storyboard; sourceTree = "<group>"; };
		396DB5142A02E9620076E845 /* hello_world.xcdatamodel */ = {isa = PBXFileReference; lastKnownFileType = wrapper.xcdatamodel; path = hello_world.xcdatamodel; sourceTree = "<group>"; };
		396DB5162A02E9630076E845 /* Assets.xcassets */ = {isa = PBXFileReference; lastKnownFileType = folder.assetcatalog; path = Assets.xcassets; sourceTree = "<group>"; };
		396DB5192A02E9630076E845 /* Base */ = {isa = PBXFileReference; lastKnownFileType = file.storyboard; name = Base; path = Base.lproj/LaunchScreen.storyboard; sourceTree = "<group>"; };
		396DB51B2A02E9630076E845 /* Info.plist */ = {isa = PBXFileReference; lastKnownFileType = text.plist.xml; path = Info.plist; sourceTree = "<group>"; };
		396DB5272A02EF330076E845 /* hello worldUITests.xctest */ = {isa = PBXFileReference; explicitFileType = wrapper.cfbundle; includeInIndex = 0; path = "hello worldUITests.xctest"; sourceTree = BUILT_PRODUCTS_DIR; };
		396DB5292A02EF330076E845 /* hello_worldUITests.swift */ = {isa = PBXFileReference; lastKnownFileType = sourcecode.swift; path = hello_worldUITests.swift; sourceTree = "<group>"; };
		396DB52B2A02EF330076E845 /* hello_worldUITestsLaunchTests.swift */ = {isa = PBXFileReference; lastKnownFileType = sourcecode.swift; path = hello_worldUITestsLaunchTests.swift; sourceTree = "<group>"; };
/* End PBXFileReference section */

/* Begin PBXFrameworksBuildPhase section */
		396DB5042A02E9620076E845 /* Frameworks */ = {
			isa = PBXFrameworksBuildPhase;
			buildActionMask = 2147483647;
			files = (
			);
			runOnlyForDeploymentPostprocessing = 0;
		};
		396DB5242A02EF330076E845 /* Frameworks */ = {
			isa = PBXFrameworksBuildPhase;
			buildActionMask = 2147483647;
			files = (
			);
			runOnlyForDeploymentPostprocessing = 0;
		};
/* End PBXFrameworksBuildPhase section */

/* Begin PBXGroup section */
		396DB4FE2A02E9620076E845 = {
			isa = PBXGroup;
			children = (
				396DB5092A02E9620076E845 /* hello world */,
				396DB5282A02EF330076E845 /* hello worldUITests */,
				396DB5082A02E9620076E845 /* Products */,
			);
			sourceTree = "<group>";
		};
		396DB5082A02E9620076E845 /* Products */ = {
			isa = PBXGroup;
			children = (
				396DB5072A02E9620076E845 /* hello world.app */,
				396DB5272A02EF330076E845 /* hello worldUITests.xctest */,
			);
			name = Products;
			sourceTree = "<group>";
		};
		396DB5092A02E9620076E845 /* hello world */ = {
			isa = PBXGroup;
			children = (
				396DB50A2A02E9620076E845 /* AppDelegate.swift */,
				396DB50C2A02E9620076E845 /* SceneDelegate.swift */,
				396DB50E2A02E9620076E845 /* ViewController.swift */,
				396DB5102A02E9620076E845 /* Main.storyboard */,
				396DB5162A02E9630076E845 /* Assets.xcassets */,
				396DB5182A02E9630076E845 /* LaunchScreen.storyboard */,
				396DB51B2A02E9630076E845 /* Info.plist */,
				396DB5132A02E9620076E845 /* hello_world.xcdatamodeld */,
			);
			path = "hello world";
			sourceTree = "<group>";
		};
		396DB5282A02EF330076E845 /* hello worldUITests */ = {
			isa = PBXGroup;
			children = (
				396DB5292A02EF330076E845 /* hello_worldUITests.swift */,
				396DB52B2A02EF330076E845 /* hello_worldUITestsLaunchTests.swift */,
			);
			path = "hello worldUITests";
			sourceTree = "<group>";
		};
/* End PBXGroup section */

/* Begin PBXNativeTarget section */
		396DB5062A02E9620076E845 /* hello world */ = {
			isa = PBXNativeTarget;
			buildConfigurationList = 396DB51E2A02E9630076E845 /* Build configuration list for PBXNativeTarget "hello world" */;
			buildPhases = (
				396DB5032A02E9620076E845 /* Sources */,
				396DB5042A02E9620076E845 /* Frameworks */,
				396DB5052A02E9620076E845 /* Resources */,
			);
			buildRules = (
			);
			dependencies = (
			);
			name = "hello world";
			productName = "hello world";
			productReference = 396DB5072A02E9620076E845 /* hello world.app */;
			productType = "com.apple.product-type.application";
		};
		396DB5262A02EF330076E845 /* hello worldUITests */ = {
			isa = PBXNativeTarget;
			buildConfigurationList = 396DB52F2A02EF330076E845 /* Build configuration list for PBXNativeTarget "hello worldUITests" */;
			buildPhases = (
				396DB5232A02EF330076E845 /* Sources */,
				396DB5242A02EF330076E845 /* Frameworks */,
				396DB5252A02EF330076E845 /* Resources */,
			);
			buildRules = (
			);
			dependencies = (
				396DB52E2A02EF330076E845 /* PBXTargetDependency */,
			);
			name = "hello worldUITests";
			productName = "hello worldUITests";
			productReference = 396DB5272A02EF330076E845 /* hello worldUITests.xctest */;
			productType = "com.apple.product-type.bundle.ui-testing";
		};
/* End PBXNativeTarget section */

/* Begin PBXProject section */
		396DB4FF2A02E9620076E845 /* Project object */ = {
			isa = PBXProject;
			attributes = {
				BuildIndependentTargetsInParallel = 1;
				LastSwiftUpdateCheck = 1420;
				LastUpgradeCheck = 1420;
				TargetAttributes = {
					396DB5062A02E9620076E845 = {
						CreatedOnToolsVersion = 14.2;
					};
					396DB5262A02EF330076E845 = {
						CreatedOnToolsVersion = 14.2;
						TestTargetID = 396DB5062A02E9620076E845;
					};
				};
			};
			buildConfigurationList = 396DB5022A02E9620076E845 /* Build configuration list for PBXProject "hello world" */;
			compatibilityVersion = "Xcode 14.0";
			developmentRegion = en;
			hasScannedForEncodings = 0;
			knownRegions = (
				en,
				Base,
			);
			mainGroup = 396DB4FE2A02E9620076E845;
			productRefGroup = 396DB5082A02E9620076E845 /* Products */;
			projectDirPath = "";
			projectRoot = "";
			targets = (
				396DB5062A02E9620076E845 /* hello world */,
				396DB5262A02EF330076E845 /* hello worldUITests */,
			);
		};
/* End PBXProject section */

/* Begin PBXResourcesBuildPhase section */
		396DB5052A02E9620076E845 /* Resources */ = {
			isa = PBXResourcesBuildPhase;
			buildActionMask = 2147483647;
			files = (
				396DB51A2A02E9630076E845 /* LaunchScreen.storyboard in Resources */,
				396DB5172A02E9630076E845 /* Assets.xcassets in Resources */,
				396DB5122A02E9620076E845 /* Main.storyboard in Resources */,
			);
			runOnlyForDeploymentPostprocessing = 0;
		};
		396DB5252A02EF330076E845 /* Resources */ = {
			isa = PBXResourcesBuildPhase;
			buildActionMask = 2147483647;
			files = (
			);
			runOnlyForDeploymentPostprocessing = 0;
		};
/* End PBXResourcesBuildPhase section */

/* Begin PBXSourcesBuildPhase section */
		396DB5032A02E9620076E845 /* Sources */ = {
			isa = PBXSourcesBuildPhase;
			buildActionMask = 2147483647;
			files = (
				396DB50F2A02E9620076E845 /* ViewController.swift in Sources */,
				396DB50B2A02E9620076E845 /* AppDelegate.swift in Sources */,
				396DB50D2A02E9620076E845 /* SceneDelegate.swift in Sources */,
				396DB5152A02E9620076E845 /* hello_world.xcdatamodeld in Sources */,
			);
			runOnlyForDeploymentPostprocessing = 0;
		};
		396DB5232A02EF330076E845 /* Sources */ = {
			isa = PBXSourcesBuildPhase;
			buildActionMask = 2147483647;
			files = (
				396DB52C2A02EF330076E845 /* hello_worldUITestsLaunchTests.swift in Sources */,
				396DB52A2A02EF330076E845 /* hello_worldUITests.swift in Sources */,
			);
			runOnlyForDeploymentPostprocessing = 0;
		};
/* End PBXSourcesBuildPhase section */

/* Begin PBXTargetDependency section */
		396DB52E2A02EF330076E845 /* PBXTargetDependency */ = {
			isa = PBXTargetDependency;
			target = 396DB5062A02E9620076E845 /* hello world */;
			targetProxy = 396DB52D2A02EF330076E845 /* PBXContainerItemProxy */;
		};
/* End PBXTargetDependency section */

/* Begin PBXVariantGroup section */
		396DB5102A02E9620076E845 /* Main.storyboard */ = {
			isa = PBXVariantGroup;
			children = (
				396DB5112A02E9620076E845 /* Base */,
			);
			name = Main.storyboard;
			sourceTree = "<group>";
		};
		396DB5182A02E9630076E845 /* LaunchScreen.storyboard */ = {
			isa = PBXVariantGroup;
			children = (
				396DB5192A02E9630076E845 /* Base */,
			);
			name = LaunchScreen.storyboard;
			sourceTree = "<group>";
		};
/* End PBXVariantGroup section */

/* Begin XCBuildConfiguration section */
		396DB51C2A02E9630076E845 /* Debug */ = {
			isa = XCBuildConfiguration;
			buildSettings = {
				ALWAYS_SEARCH_USER_PATHS = NO;
				CLANG_ANALYZER_NONNULL = YES;
				CLANG_ANALYZER_NUMBER_OBJECT_CONVERSION = YES_AGGRESSIVE;
				CLANG_CXX_LANGUAGE_STANDARD = "gnu++20";
				CLANG_ENABLE_MODULES = YES;
				CLANG_ENABLE_OBJC_ARC = YES;
				CLANG_ENABLE_OBJC_WEAK = YES;
				CLANG_WARN_BLOCK_CAPTURE_AUTORELEASING = YES;
				CLANG_WARN_BOOL_CONVERSION = YES;
				CLANG_WARN_COMMA = YES;
				CLANG_WARN_CONSTANT_CONVERSION = YES;
				CLANG_WARN_DEPRECATED_OBJC_IMPLEMENTATIONS = YES;
				CLANG_WARN_DIRECT_OBJC_ISA_USAGE = YES_ERROR;
				CLANG_WARN_DOCUMENTATION_COMMENTS = YES;
				CLANG_WARN_EMPTY_BODY = YES;
				CLANG_WARN_ENUM_CONVERSION = YES;
				CLANG_WARN_INFINITE_RECURSION = YES;
				CLANG_WARN_INT_CONVERSION = YES;
				CLANG_WARN_NON_LITERAL_NULL_CONVERSION = YES;
				CLANG_WARN_OBJC_IMPLICIT_RETAIN_SELF = YES;
				CLANG_WARN_OBJC_LITERAL_CONVERSION = YES;
				CLANG_WARN_OBJC_ROOT_CLASS = YES_ERROR;
				CLANG_WARN_QUOTED_INCLUDE_IN_FRAMEWORK_HEADER = YES;
				CLANG_WARN_RANGE_LOOP_ANALYSIS = YES;
				CLANG_WARN_STRICT_PROTOTYPES = YES;
				CLANG_WARN_SUSPICIOUS_MOVE = YES;
				CLANG_WARN_UNGUARDED_AVAILABILITY = YES_AGGRESSIVE;
				CLANG_WARN_UNREACHABLE_CODE = YES;
				CLANG_WARN__DUPLICATE_METHOD_MATCH = YES;
				COPY_PHASE_STRIP = NO;
				DEBUG_INFORMATION_FORMAT = dwarf;
				ENABLE_STRICT_OBJC_MSGSEND = YES;
				ENABLE_TESTABILITY = YES;
				GCC_C_LANGUAGE_STANDARD = gnu11;
				GCC_DYNAMIC_NO_PIC = NO;
				GCC_NO_COMMON_BLOCKS = YES;
				GCC_OPTIMIZATION_LEVEL = 0;
				GCC_PREPROCESSOR_DEFINITIONS = (
					"DEBUG=1",
					"$(inherited)",
				);
				GCC_WARN_64_TO_32_BIT_CONVERSION = YES;
				GCC_WARN_ABOUT_RETURN_TYPE = YES_ERROR;
				GCC_WARN_UNDECLARED_SELECTOR = YES;
				GCC_WARN_UNINITIALIZED_AUTOS = YES_AGGRESSIVE;
				GCC_WARN_UNUSED_FUNCTION = YES;
				GCC_WARN_UNUSED_VARIABLE = YES;
				IPHONEOS_DEPLOYMENT_TARGET = 16.2;
				MTL_ENABLE_DEBUG_INFO = INCLUDE_SOURCE;
				MTL_FAST_MATH = YES;
				ONLY_ACTIVE_ARCH = YES;
				SDKROOT = iphoneos;
				SWIFT_ACTIVE_COMPILATION_CONDITIONS = DEBUG;
				SWIFT_OPTIMIZATION_LEVEL = "-Onone";
			};
			name = Debug;
		};
		396DB51D2A02E9630076E845 /* Release */ = {
			isa = XCBuildConfiguration;
			buildSettings = {
				ALWAYS_SEARCH_USER_PATHS = NO;
				CLANG_ANALYZER_NONNULL = YES;
				CLANG_ANALYZER_NUMBER_OBJECT_CONVERSION = YES_AGGRESSIVE;
				CLANG_CXX_LANGUAGE_STANDARD = "gnu++20";
				CLANG_ENABLE_MODULES = YES;
				CLANG_ENABLE_OBJC_ARC = YES;
				CLANG_ENABLE_OBJC_WEAK = YES;
				CLANG_WARN_BLOCK_CAPTURE_AUTORELEASING = YES;
				CLANG_WARN_BOOL_CONVERSION = YES;
				CLANG_WARN_COMMA = YES;
				CLANG_WARN_CONSTANT_CONVERSION = YES;
				CLANG_WARN_DEPRECATED_OBJC_IMPLEMENTATIONS = YES;
				CLANG_WARN_DIRECT_OBJC_ISA_USAGE = YES_ERROR;
				CLANG_WARN_DOCUMENTATION_COMMENTS = YES;
				CLANG_WARN_EMPTY_BODY = YES;
				CLANG_WARN_ENUM_CONVERSION = YES;
				CLANG_WARN_INFINITE_RECURSION = YES;
				CLANG_WARN_INT_CONVERSION = YES;
				CLANG_WARN_NON_LITERAL_NULL_CONVERSION = YES;
				CLANG_WARN_OBJC_IMPLICIT_RETAIN_SELF = YES;
				CLANG_WARN_OBJC_LITERAL_CONVERSION = YES;
				CLANG_WARN_OBJC_ROOT_CLASS = YES_ERROR;
				CLANG_WARN_QUOTED_INCLUDE_IN_FRAMEWORK_HEADER = YES;
				CLANG_WARN_RANGE_LOOP_ANALYSIS = YES;
				CLANG_WARN_STRICT_PROTOTYPES = YES;
				CLANG_WARN_SUSPICIOUS_MOVE = YES;
				CLANG_WARN_UNGUARDED_AVAILABILITY = YES_AGGRESSIVE;
				CLANG_WARN_UNREACHABLE_CODE = YES;
				CLANG_WARN__DUPLICATE_METHOD_MATCH = YES;
				COPY_PHASE_STRIP = NO;
				DEBUG_INFORMATION_FORMAT = "dwarf-with-dsym";
				ENABLE_NS_ASSERTIONS = NO;
				ENABLE_STRICT_OBJC_MSGSEND = YES;
				GCC_C_LANGUAGE_STANDARD = gnu11;
				GCC_NO_COMMON_BLOCKS = YES;
				GCC_WARN_64_TO_32_BIT_CONVERSION = YES;
				GCC_WARN_ABOUT_RETURN_TYPE = YES_ERROR;
				GCC_WARN_UNDECLARED_SELECTOR = YES;
				GCC_WARN_UNINITIALIZED_AUTOS = YES_AGGRESSIVE;
				GCC_WARN_UNUSED_FUNCTION = YES;
				GCC_WARN_UNUSED_VARIABLE = YES;
				IPHONEOS_DEPLOYMENT_TARGET = 16.2;
				MTL_ENABLE_DEBUG_INFO = NO;
				MTL_FAST_MATH = YES;
				SDKROOT = iphoneos;
				SWIFT_COMPILATION_MODE = wholemodule;
				SWIFT_OPTIMIZATION_LEVEL = "-O";
				VALIDATE_PRODUCT = YES;
			};
			name = Release;
		};
		396DB51F2A02E9630076E845 /* Debug */ = {
			isa = XCBuildConfiguration;
			buildSettings = {
				ASSETCATALOG_COMPILER_APPICON_NAME = AppIcon;
				ASSETCATALOG_COMPILER_GLOBAL_ACCENT_COLOR_NAME = AccentColor;
				CODE_SIGN_STYLE = Automatic;
				CURRENT_PROJECT_VERSION = 1;
				DEVELOPMENT_TEAM = 4NX4MGA8H3;
				GENERATE_INFOPLIST_FILE = YES;
				INFOPLIST_FILE = "hello world/Info.plist";
				INFOPLIST_KEY_UIApplicationSupportsIndirectInputEvents = YES;
				INFOPLIST_KEY_UILaunchStoryboardName = LaunchScreen;
				INFOPLIST_KEY_UIMainStoryboardFile = Main;
				INFOPLIST_KEY_UISupportedInterfaceOrientations_iPad = "UIInterfaceOrientationPortrait UIInterfaceOrientationPortraitUpsideDown UIInterfaceOrientationLandscapeLeft UIInterfaceOrientationLandscapeRight";
				INFOPLIST_KEY_UISupportedInterfaceOrientations_iPhone = "UIInterfaceOrientationPortrait UIInterfaceOrientationLandscapeLeft UIInterfaceOrientationLandscapeRight";
				LD_RUNPATH_SEARCH_PATHS = (
					"$(inherited)",
					"@executable_path/Frameworks",
				);
				MARKETING_VERSION = 1.0;
				PRODUCT_BUNDLE_IDENTIFIER = "com.n.zimnevich.hello-world";
				PRODUCT_NAME = "$(TARGET_NAME)";
				SWIFT_EMIT_LOC_STRINGS = YES;
				SWIFT_VERSION = 5.0;
				TARGETED_DEVICE_FAMILY = "1,2";
			};
			name = Debug;
		};
		396DB5202A02E9630076E845 /* Release */ = {
			isa = XCBuildConfiguration;
			buildSettings = {
				ASSETCATALOG_COMPILER_APPICON_NAME = AppIcon;
				ASSETCATALOG_COMPILER_GLOBAL_ACCENT_COLOR_NAME = AccentColor;
				CODE_SIGN_STYLE = Automatic;
				CURRENT_PROJECT_VERSION = 1;
				DEVELOPMENT_TEAM = 4NX4MGA8H3;
				GENERATE_INFOPLIST_FILE = YES;
				INFOPLIST_FILE = "hello world/Info.plist";
				INFOPLIST_KEY_UIApplicationSupportsIndirectInputEvents = YES;
				INFOPLIST_KEY_UILaunchStoryboardName = LaunchScreen;
				INFOPLIST_KEY_UIMainStoryboardFile = Main;
				INFOPLIST_KEY_UISupportedInterfaceOrientations_iPad = "UIInterfaceOrientationPortrait UIInterfaceOrientationPortraitUpsideDown UIInterfaceOrientationLandscapeLeft UIInterfaceOrientationLandscapeRight";
				INFOPLIST_KEY_UISupportedInterfaceOrientations_iPhone = "UIInterfaceOrientationPortrait UIInterfaceOrientationLandscapeLeft UIInterfaceOrientationLandscapeRight";
				LD_RUNPATH_SEARCH_PATHS = (
					"$(inherited)",
					"@executable_path/Frameworks",
				);
				MARKETING_VERSION = 1.0;
				PRODUCT_BUNDLE_IDENTIFIER = "com.n.zimnevich.hello-world";
				PRODUCT_NAME = "$(TARGET_NAME)";
				SWIFT_EMIT_LOC_STRINGS = YES;
				SWIFT_VERSION = 5.0;
				TARGETED_DEVICE_FAMILY = "1,2";
			};
			name = Release;
		};
		396DB5302A02EF330076E845 /* Debug */ = {
			isa = XCBuildConfiguration;
			buildSettings = {
				CODE_SIGN_STYLE = Automatic;
				CURRENT_PROJECT_VERSION = 1;
				DEVELOPMENT_TEAM = 4NX4MGA8H3;
				GENERATE_INFOPLIST_FILE = YES;
				MARKETING_VERSION = 1.0;
				PRODUCT_BUNDLE_IDENTIFIER = "com.n.zimnevich.hello-worldUITests";
				PRODUCT_NAME = "$(TARGET_NAME)";
				SWIFT_EMIT_LOC_STRINGS = NO;
				SWIFT_VERSION = 5.0;
				TARGETED_DEVICE_FAMILY = "1,2";
				TEST_TARGET_NAME = "hello world";
			};
			name = Debug;
		};
		396DB5312A02EF330076E845 /* Release */ = {
			isa = XCBuildConfiguration;
			buildSettings = {
				CODE_SIGN_STYLE = Automatic;
				CURRENT_PROJECT_VERSION = 1;
				DEVELOPMENT_TEAM = 4NX4MGA8H3;
				GENERATE_INFOPLIST_FILE = YES;
				MARKETING_VERSION = 1.0;
				PRODUCT_BUNDLE_IDENTIFIER = "com.n.zimnevich.hello-worldUITests";
				PRODUCT_NAME = "$(TARGET_NAME)";
				SWIFT_EMIT_LOC_STRINGS = NO;
				SWIFT_VERSION = 5.0;
				TARGETED_DEVICE_FAMILY = "1,2";
				TEST_TARGET_NAME = "hello world";
			};
			name = Release;
		};
/* End XCBuildConfiguration section */

/* Begin XCConfigurationList section */
		396DB5022A02E9620076E845 /* Build configuration list for PBXProject "hello world" */ = {
			isa = XCConfigurationList;
			buildConfigurations = (
				396DB51C2A02E9630076E845 /* Debug */,
				396DB51D2A02E9630076E845 /* Release */,
			);
			defaultConfigurationIsVisible = 0;
			defaultConfigurationName = Release;
		};
		396DB51E2A02E9630076E845 /* Build configuration list for PBXNativeTarget "hello world" */ = {
			isa = XCConfigurationList;
			buildConfigurations = (
				396DB51F2A02E9630076E845 /* Debug */,
				396DB5202A02E9630076E845 /* Release */,
			);
			defaultConfigurationIsVisible = 0;
			defaultConfigurationName = Release;
		};
		396DB52F2A02EF330076E845 /* Build configuration list for PBXNativeTarget "hello worldUITests" */ = {
			isa = XCConfigurationList;
			buildConfigurations = (
				396DB5302A02EF330076E845 /* Debug */,
				396DB5312A02EF330076E845 /* Release */,
			);
			defaultConfigurationIsVisible = 0;
			defaultConfigurationName = Release;
		};
/* End XCConfigurationList section */

/* Begin XCVersionGroup section */
		396DB5132A02E9620076E845 /* hello_world.xcdatamodeld */ = {
			isa = XCVersionGroup;
			children = (
				396DB5142A02E9620076E845 /* hello_world.xcdatamodel */,
			);
			currentVersion = 396DB5142A02E9620076E845 /* hello_world.xcdatamodel */;
			path = hello_world.xcdatamodeld;
			sourceTree = "<group>";
			versionGroupType = wrapper.xcdatamodel;
		};
/* End XCVersionGroup section */
	};
	rootObject = 396DB4FF2A02E9620076E845 /* Project object */;
}
